<?xml version="1.0" encoding="utf-8"?>
<Project ToolsVersion="4.0" xmlns="http://schemas.microsoft.com/developer/msbuild/2003">
  <ItemGroup>
    <Filter Include="Source Files">
      <UniqueIdentifier>{4FC737F1-C7A5-4376-A066-2A32D752A2FF}</UniqueIdentifier>
      <Extensions>cpp;c;cc;cxx;c++;cppm;ixx;def;odl;idl;hpj;bat;asm;asmx</Extensions>
    </Filter>
    <Filter Include="Header Files">
      <UniqueIdentifier>{93995380-89BD-4b04-88EB-625FBE52EBFB}</UniqueIdentifier>
      <Extensions>h;hh;hpp;hxx;h++;hm;inl;inc;ipp;xsd</Extensions>
    </Filter>
    <Filter Include="Resource Files">
      <UniqueIdentifier>{67DA6AB6-F800-4c08-8B7A-83BB121AAD01}</UniqueIdentifier>
      <Extensions>rc;ico;cur;bmp;dlg;rc2;rct;bin;rgs;gif;jpg;jpeg;jpe;resx;tiff;tif;png;wav;mfcribbon-ms</Extensions>
    </Filter>
  </ItemGroup>
  <ItemGroup>
    <ClCompile Include="main.cpp">
      <Filter>Source Files</Filter>
    </ClCompile>
    <ClCompile Include="SarissaEngine\Engine\Config_Data.cpp">
      <Filter>Source Files</Filter>
    </ClCompile>
    <ClCompile Include="SarissaEngine\Runtime\Super.cpp">
      <Filter>Source Files</Filter>
    </ClCompile>
    <ClCompile Include="SarissaEngine\Runtime\Main_Loop.cpp">
      <Filter>Source Files</Filter>
    </ClCompile>
    <ClCompile Include="SarissaEngine\Runtime\Actor.cpp">
      <Filter>Source Files</Filter>
    </ClCompile>
    <ClCompile Include="SarissaEngine\Runtime\Component.cpp">
      <Filter>Source Files</Filter>
    </ClCompile>
    <ClCompile Include="SarissaEngine\TesterClasses\ActorSub.cpp">
      <Filter>Source Files</Filter>
    </ClCompile>
  </ItemGroup>
  <ItemGroup>
    <ClInclude Include="SarissaEngine\Runtime\Super.h">
      <Filter>Header Files</Filter>
    </ClInclude>
    <ClInclude Include="SarissaEngine\Engine\Config_Data.h">
      <Filter>Header Files</Filter>
    </ClInclude>
    <ClInclude Include="SarissaEngine\Engine\Enhance_Cpp_Programing.h">
      <Filter>Header Files</Filter>
    </ClInclude>
    <ClInclude Include="SarissaEngine\Runtime\Main_Loop.h">
      <Filter>Header Files</Filter>
    </ClInclude>
    <ClInclude Include="SarissaEngine\Runtime\Actor.h">
      <Filter>Header Files</Filter>
    </ClInclude>
    <ClInclude Include="SarissaEngine\Runtime\Component.h">
      <Filter>Header Files</Filter>
    </ClInclude>
    <ClInclude Include="SarissaEngine\TesterClasses\ActorSub.h">
      <Filter>Header Files</Filter>
    </ClInclude>
  </ItemGroup>
</Project>