<?xml version="1.0" encoding="utf-8"?>
<Project ToolsVersion="4.0" xmlns="http://schemas.microsoft.com/developer/msbuild/2003">
  <ItemGroup>
    <Filter Include="Resource Files">
      <UniqueIdentifier>{67DA6AB6-F800-4c08-8B7A-83BB121AAD01}</UniqueIdentifier>
      <Extensions>rc;ico;cur;bmp;dlg;rc2;rct;bin;rgs;gif;jpg;jpeg;jpe;resx;tiff;tif;png;wav;mfcribbon-ms</Extensions>
    </Filter>
    <Filter Include="main_c">
      <UniqueIdentifier>{bd83871d-6f98-4790-a2c6-2af582d30600}</UniqueIdentifier>
    </Filter>
    <Filter Include="Foundation">
      <UniqueIdentifier>{c86ba3db-0900-43ff-a032-5c2cadf14cbc}</UniqueIdentifier>
    </Filter>
  </ItemGroup>
  <ItemGroup>
    <ClCompile Include="main.cpp">
      <Filter>main_c</Filter>
    </ClCompile>
    <ClCompile Include="Foundation\Entity.cpp" />
    <ClCompile Include="Foundation\ICollidable.cpp" />
    <ClCompile Include="Foundation\Vector3.cpp" />
  </ItemGroup>
  <ItemGroup>
    <ClInclude Include="Foundation\ITaskSystem.h">
      <Filter>Foundation</Filter>
    </ClInclude>
    <ClInclude Include="Foundation\Entity.h" />
    <ClInclude Include="Foundation\ICollidable.h" />
    <ClInclude Include="Foundation\Vector3.h" />
  </ItemGroup>
</Project>